
Microsoft Visual Studio Solution File, Format Version 12.00
# Visual Studio Version 17
VisualStudioVersion = 17.8.34330.188
MinimumVisualStudioVersion = 10.0.40219.1
Project("{FAE04EC0-301F-11D3-BF4B-00C04F79EFBC}") = "ChessBasics", "ChessBasics\ChessBasics.csproj", "{9689A4F7-4FDC-4BE9-A56C-B4EDE36DAA34}"
EndProject
Global
	GlobalSection(SolutionConfigurationPlatforms) = preSolution
		Debug|Any CPU = Debug|Any CPU
		Release|Any CPU = Release|Any CPU
	EndGlobalSection
	GlobalSection(ProjectConfigurationPlatforms) = postSolution
		{9689A4F7-4FDC-4BE9-A56C-B4EDE36DAA34}.Debug|Any CPU.ActiveCfg = Debug|Any CPU
		{9689A4F7-4FDC-4BE9-A56C-B4EDE36DAA34}.Debug|Any CPU.Build.0 = Debug|Any CPU
		{9689A4F7-4FDC-4BE9-A56C-B4EDE36DAA34}.Release|Any CPU.ActiveCfg = Release|Any CPU
		{9689A4F7-4FDC-4BE9-A56C-B4EDE36DAA34}.Release|Any CPU.Build.0 = Release|Any CPU
	EndGlobalSection
	GlobalSection(SolutionProperties) = preSolution
		HideSolutionNode = FALSE
	EndGlobalSection
	GlobalSection(ExtensibilityGlobals) = postSolution
		SolutionGuid = {0EB5F3A4-4AD9-4739-A587-FEC34AF7DF22}
	EndGlobalSection
EndGlobal
