
Microsoft Visual Studio Solution File, Format Version 12.00
# Visual Studio Version 17
VisualStudioVersion = 17.8.34309.116
MinimumVisualStudioVersion = 10.0.40219.1
Project("{FAE04EC0-301F-11D3-BF4B-00C04F79EFBC}") = "Practice_3", "Practice_3\Practice_3.csproj", "{A15A7799-F0BF-4B50-B788-54F8F9F4C632}"
EndProject
Global
	GlobalSection(SolutionConfigurationPlatforms) = preSolution
		Debug|Any CPU = Debug|Any CPU
		Release|Any CPU = Release|Any CPU
	EndGlobalSection
	GlobalSection(ProjectConfigurationPlatforms) = postSolution
		{A15A7799-F0BF-4B50-B788-54F8F9F4C632}.Debug|Any CPU.ActiveCfg = Debug|Any CPU
		{A15A7799-F0BF-4B50-B788-54F8F9F4C632}.Debug|Any CPU.Build.0 = Debug|Any CPU
		{A15A7799-F0BF-4B50-B788-54F8F9F4C632}.Release|Any CPU.ActiveCfg = Release|Any CPU
		{A15A7799-F0BF-4B50-B788-54F8F9F4C632}.Release|Any CPU.Build.0 = Release|Any CPU
	EndGlobalSection
	GlobalSection(SolutionProperties) = preSolution
		HideSolutionNode = FALSE
	EndGlobalSection
	GlobalSection(ExtensibilityGlobals) = postSolution
		SolutionGuid = {1B12120C-468C-406B-952B-A1A74868548C}
	EndGlobalSection
EndGlobal
