
Microsoft Visual Studio Solution File, Format Version 12.00
# Visual Studio Version 17
VisualStudioVersion = 17.7.34202.233
MinimumVisualStudioVersion = 10.0.40219.1
Project("{FAE04EC0-301F-11D3-BF4B-00C04F79EFBC}") = "Practice_01", "Practice_01\Practice_01.csproj", "{C5105F16-3A19-4D6E-8138-8D341F85FED6}"
EndProject
Global
	GlobalSection(SolutionConfigurationPlatforms) = preSolution
		Debug|Any CPU = Debug|Any CPU
		Release|Any CPU = Release|Any CPU
	EndGlobalSection
	GlobalSection(ProjectConfigurationPlatforms) = postSolution
		{C5105F16-3A19-4D6E-8138-8D341F85FED6}.Debug|Any CPU.ActiveCfg = Debug|Any CPU
		{C5105F16-3A19-4D6E-8138-8D341F85FED6}.Debug|Any CPU.Build.0 = Debug|Any CPU
		{C5105F16-3A19-4D6E-8138-8D341F85FED6}.Release|Any CPU.ActiveCfg = Release|Any CPU
		{C5105F16-3A19-4D6E-8138-8D341F85FED6}.Release|Any CPU.Build.0 = Release|Any CPU
	EndGlobalSection
	GlobalSection(SolutionProperties) = preSolution
		HideSolutionNode = FALSE
	EndGlobalSection
	GlobalSection(ExtensibilityGlobals) = postSolution
		SolutionGuid = {2D452C89-55A2-4023-91FD-AAECFAE7DD09}
	EndGlobalSection
EndGlobal
