
Microsoft Visual Studio Solution File, Format Version 12.00
# Visual Studio Version 17
VisualStudioVersion = 17.9.34714.143
MinimumVisualStudioVersion = 10.0.40219.1
Project("{9A19103F-16F7-4668-BE54-9A1E7A4F7556}") = "Forum.Web", "Forum.Web\Forum.Web.csproj", "{A8693A27-E507-464C-92E5-823E50D1B0D6}"
EndProject
Project("{2150E333-8FDC-42A3-9474-1A3956D46DE8}") = "src", "src", "{ADDB2328-2243-48D4-8606-8600C6E1B7B0}"
EndProject
Project("{2150E333-8FDC-42A3-9474-1A3956D46DE8}") = "Core", "Core", "{2DDDBD8A-A0DD-429E-83D9-1679D9D58D1E}"
EndProject
Project("{2150E333-8FDC-42A3-9474-1A3956D46DE8}") = "Presentation", "Presentation", "{26EDD43B-AE2A-4DA8-90A5-90C8B8B6D295}"
EndProject
Project("{2150E333-8FDC-42A3-9474-1A3956D46DE8}") = "Infrastructure", "Infrastructure", "{09F67077-3461-4EA4-B8A6-530CE56B3867}"
EndProject
Project("{9A19103F-16F7-4668-BE54-9A1E7A4F7556}") = "Forum.Persistence", "Forum.Persistence\Forum.Persistence.csproj", "{0ABD4E33-A27D-4C84-AE7C-1B56C72CFB8E}"
EndProject
Project("{9A19103F-16F7-4668-BE54-9A1E7A4F7556}") = "Forum.Domain", "Forum.Domain\Forum.Domain.csproj", "{2A1E0EDD-A263-48FE-A51D-A43931A8B341}"
EndProject
Project("{9A19103F-16F7-4668-BE54-9A1E7A4F7556}") = "Forum.Application", "Forum.Application\Forum.Application.csproj", "{A4490D2C-C8AF-4972-BFF2-CBC6BBEA5288}"
EndProject
Project("{9A19103F-16F7-4668-BE54-9A1E7A4F7556}") = "Forum.API", "Forum.API\Forum.API.csproj", "{E8CC0A61-CD02-4023-9270-AD4EEAC44C42}"
EndProject
Project("{2150E333-8FDC-42A3-9474-1A3956D46DE8}") = "Solution Items", "Solution Items", "{98C1DD08-26DF-4129-B168-3D675A1006CF}"
	ProjectSection(SolutionItems) = preProject
		.editorconfig = .editorconfig
	EndProjectSection
EndProject
Project("{2150E333-8FDC-42A3-9474-1A3956D46DE8}") = "Shared", "Shared", "{9EA2852A-5F6B-4D08-A9C3-710C4581F82F}"
EndProject
Project("{9A19103F-16F7-4668-BE54-9A1E7A4F7556}") = "Forum.Shared", "Forum.Shared\Forum.Shared.csproj", "{261DCE10-BE01-4922-8428-C8D28C341C0A}"
EndProject
Project("{9A19103F-16F7-4668-BE54-9A1E7A4F7556}") = "Forum.Infrastructure", "Forum.Infrastructure\Forum.Infrastructure.csproj", "{6E32D766-0DA4-4A95-B669-2B13E362C821}"
EndProject
Project("{9A19103F-16F7-4668-BE54-9A1E7A4F7556}") = "Forum.Workers", "Forum.Workers\Forum.Workers.csproj", "{B299708E-9EA2-499F-89B1-D118155AD217}"
EndProject
Project("{2150E333-8FDC-42A3-9474-1A3956D46DE8}") = "tests", "tests", "{8E30EAE0-A7F7-4F63-A8E9-E81D988F13BB}"
EndProject
Project("{FAE04EC0-301F-11D3-BF4B-00C04F79EFBC}") = "Forum.Tests.Unit", "Forum.Tests.Unit\Forum.Tests.Unit.csproj", "{491904F9-EDEF-4D56-8C33-6A01A02F8D92}"
EndProject
Global
	GlobalSection(SolutionConfigurationPlatforms) = preSolution
		Debug|Any CPU = Debug|Any CPU
		Release|Any CPU = Release|Any CPU
	EndGlobalSection
	GlobalSection(ProjectConfigurationPlatforms) = postSolution
		{A8693A27-E507-464C-92E5-823E50D1B0D6}.Debug|Any CPU.ActiveCfg = Debug|Any CPU
		{A8693A27-E507-464C-92E5-823E50D1B0D6}.Debug|Any CPU.Build.0 = Debug|Any CPU
		{A8693A27-E507-464C-92E5-823E50D1B0D6}.Release|Any CPU.ActiveCfg = Release|Any CPU
		{A8693A27-E507-464C-92E5-823E50D1B0D6}.Release|Any CPU.Build.0 = Release|Any CPU
		{0ABD4E33-A27D-4C84-AE7C-1B56C72CFB8E}.Debug|Any CPU.ActiveCfg = Debug|Any CPU
		{0ABD4E33-A27D-4C84-AE7C-1B56C72CFB8E}.Debug|Any CPU.Build.0 = Debug|Any CPU
		{0ABD4E33-A27D-4C84-AE7C-1B56C72CFB8E}.Release|Any CPU.ActiveCfg = Release|Any CPU
		{0ABD4E33-A27D-4C84-AE7C-1B56C72CFB8E}.Release|Any CPU.Build.0 = Release|Any CPU
		{2A1E0EDD-A263-48FE-A51D-A43931A8B341}.Debug|Any CPU.ActiveCfg = Debug|Any CPU
		{2A1E0EDD-A263-48FE-A51D-A43931A8B341}.Debug|Any CPU.Build.0 = Debug|Any CPU
		{2A1E0EDD-A263-48FE-A51D-A43931A8B341}.Release|Any CPU.ActiveCfg = Release|Any CPU
		{2A1E0EDD-A263-48FE-A51D-A43931A8B341}.Release|Any CPU.Build.0 = Release|Any CPU
		{A4490D2C-C8AF-4972-BFF2-CBC6BBEA5288}.Debug|Any CPU.ActiveCfg = Debug|Any CPU
		{A4490D2C-C8AF-4972-BFF2-CBC6BBEA5288}.Debug|Any CPU.Build.0 = Debug|Any CPU
		{A4490D2C-C8AF-4972-BFF2-CBC6BBEA5288}.Release|Any CPU.ActiveCfg = Release|Any CPU
		{A4490D2C-C8AF-4972-BFF2-CBC6BBEA5288}.Release|Any CPU.Build.0 = Release|Any CPU
		{E8CC0A61-CD02-4023-9270-AD4EEAC44C42}.Debug|Any CPU.ActiveCfg = Debug|Any CPU
		{E8CC0A61-CD02-4023-9270-AD4EEAC44C42}.Debug|Any CPU.Build.0 = Debug|Any CPU
		{E8CC0A61-CD02-4023-9270-AD4EEAC44C42}.Release|Any CPU.ActiveCfg = Release|Any CPU
		{E8CC0A61-CD02-4023-9270-AD4EEAC44C42}.Release|Any CPU.Build.0 = Release|Any CPU
		{261DCE10-BE01-4922-8428-C8D28C341C0A}.Debug|Any CPU.ActiveCfg = Debug|Any CPU
		{261DCE10-BE01-4922-8428-C8D28C341C0A}.Debug|Any CPU.Build.0 = Debug|Any CPU
		{261DCE10-BE01-4922-8428-C8D28C341C0A}.Release|Any CPU.ActiveCfg = Release|Any CPU
		{261DCE10-BE01-4922-8428-C8D28C341C0A}.Release|Any CPU.Build.0 = Release|Any CPU
		{6E32D766-0DA4-4A95-B669-2B13E362C821}.Debug|Any CPU.ActiveCfg = Debug|Any CPU
		{6E32D766-0DA4-4A95-B669-2B13E362C821}.Debug|Any CPU.Build.0 = Debug|Any CPU
		{6E32D766-0DA4-4A95-B669-2B13E362C821}.Release|Any CPU.ActiveCfg = Release|Any CPU
		{6E32D766-0DA4-4A95-B669-2B13E362C821}.Release|Any CPU.Build.0 = Release|Any CPU
		{B299708E-9EA2-499F-89B1-D118155AD217}.Debug|Any CPU.ActiveCfg = Debug|Any CPU
		{B299708E-9EA2-499F-89B1-D118155AD217}.Debug|Any CPU.Build.0 = Debug|Any CPU
		{B299708E-9EA2-499F-89B1-D118155AD217}.Release|Any CPU.ActiveCfg = Release|Any CPU
		{B299708E-9EA2-499F-89B1-D118155AD217}.Release|Any CPU.Build.0 = Release|Any CPU
		{491904F9-EDEF-4D56-8C33-6A01A02F8D92}.Debug|Any CPU.ActiveCfg = Debug|Any CPU
		{491904F9-EDEF-4D56-8C33-6A01A02F8D92}.Debug|Any CPU.Build.0 = Debug|Any CPU
		{491904F9-EDEF-4D56-8C33-6A01A02F8D92}.Release|Any CPU.ActiveCfg = Release|Any CPU
		{491904F9-EDEF-4D56-8C33-6A01A02F8D92}.Release|Any CPU.Build.0 = Release|Any CPU
	EndGlobalSection
	GlobalSection(SolutionProperties) = preSolution
		HideSolutionNode = FALSE
	EndGlobalSection
	GlobalSection(NestedProjects) = preSolution
		{A8693A27-E507-464C-92E5-823E50D1B0D6} = {26EDD43B-AE2A-4DA8-90A5-90C8B8B6D295}
		{2DDDBD8A-A0DD-429E-83D9-1679D9D58D1E} = {ADDB2328-2243-48D4-8606-8600C6E1B7B0}
		{26EDD43B-AE2A-4DA8-90A5-90C8B8B6D295} = {ADDB2328-2243-48D4-8606-8600C6E1B7B0}
		{09F67077-3461-4EA4-B8A6-530CE56B3867} = {ADDB2328-2243-48D4-8606-8600C6E1B7B0}
		{0ABD4E33-A27D-4C84-AE7C-1B56C72CFB8E} = {09F67077-3461-4EA4-B8A6-530CE56B3867}
		{2A1E0EDD-A263-48FE-A51D-A43931A8B341} = {2DDDBD8A-A0DD-429E-83D9-1679D9D58D1E}
		{A4490D2C-C8AF-4972-BFF2-CBC6BBEA5288} = {2DDDBD8A-A0DD-429E-83D9-1679D9D58D1E}
		{E8CC0A61-CD02-4023-9270-AD4EEAC44C42} = {26EDD43B-AE2A-4DA8-90A5-90C8B8B6D295}
		{9EA2852A-5F6B-4D08-A9C3-710C4581F82F} = {ADDB2328-2243-48D4-8606-8600C6E1B7B0}
		{261DCE10-BE01-4922-8428-C8D28C341C0A} = {9EA2852A-5F6B-4D08-A9C3-710C4581F82F}
		{6E32D766-0DA4-4A95-B669-2B13E362C821} = {09F67077-3461-4EA4-B8A6-530CE56B3867}
		{B299708E-9EA2-499F-89B1-D118155AD217} = {09F67077-3461-4EA4-B8A6-530CE56B3867}
		{491904F9-EDEF-4D56-8C33-6A01A02F8D92} = {8E30EAE0-A7F7-4F63-A8E9-E81D988F13BB}
	EndGlobalSection
	GlobalSection(ExtensibilityGlobals) = postSolution
		SolutionGuid = {34937A49-74EB-483B-9F35-8FFCCF6AE758}
	EndGlobalSection
EndGlobal
