
Microsoft Visual Studio Solution File, Format Version 12.00
# Visual Studio Version 17
VisualStudioVersion = 17.8.34316.72
MinimumVisualStudioVersion = 10.0.40219.1
Project("{FAE04EC0-301F-11D3-BF4B-00C04F79EFBC}") = "Practice_3", "Practice_3\Practice_3.csproj", "{9448E5D9-CC57-430D-A04E-A4BA77ECC637}"
EndProject
Global
	GlobalSection(SolutionConfigurationPlatforms) = preSolution
		Debug|Any CPU = Debug|Any CPU
		Release|Any CPU = Release|Any CPU
	EndGlobalSection
	GlobalSection(ProjectConfigurationPlatforms) = postSolution
		{9448E5D9-CC57-430D-A04E-A4BA77ECC637}.Debug|Any CPU.ActiveCfg = Debug|Any CPU
		{9448E5D9-CC57-430D-A04E-A4BA77ECC637}.Debug|Any CPU.Build.0 = Debug|Any CPU
		{9448E5D9-CC57-430D-A04E-A4BA77ECC637}.Release|Any CPU.ActiveCfg = Release|Any CPU
		{9448E5D9-CC57-430D-A04E-A4BA77ECC637}.Release|Any CPU.Build.0 = Release|Any CPU
	EndGlobalSection
	GlobalSection(SolutionProperties) = preSolution
		HideSolutionNode = FALSE
	EndGlobalSection
	GlobalSection(ExtensibilityGlobals) = postSolution
		SolutionGuid = {2AC79BD2-E0E3-45BA-AC44-C65C1D025840}
	EndGlobalSection
EndGlobal
