
Microsoft Visual Studio Solution File, Format Version 12.00
# Visual Studio Version 17
VisualStudioVersion = 17.8.34309.116
MinimumVisualStudioVersion = 10.0.40219.1
Project("{FAE04EC0-301F-11D3-BF4B-00C04F79EFBC}") = "Practice_8", "Practice_8\Practice_8.csproj", "{AFA45226-F173-4CB0-A486-4C3DBCA8A4B0}"
EndProject
Global
	GlobalSection(SolutionConfigurationPlatforms) = preSolution
		Debug|Any CPU = Debug|Any CPU
		Release|Any CPU = Release|Any CPU
	EndGlobalSection
	GlobalSection(ProjectConfigurationPlatforms) = postSolution
		{AFA45226-F173-4CB0-A486-4C3DBCA8A4B0}.Debug|Any CPU.ActiveCfg = Debug|Any CPU
		{AFA45226-F173-4CB0-A486-4C3DBCA8A4B0}.Debug|Any CPU.Build.0 = Debug|Any CPU
		{AFA45226-F173-4CB0-A486-4C3DBCA8A4B0}.Release|Any CPU.ActiveCfg = Release|Any CPU
		{AFA45226-F173-4CB0-A486-4C3DBCA8A4B0}.Release|Any CPU.Build.0 = Release|Any CPU
	EndGlobalSection
	GlobalSection(SolutionProperties) = preSolution
		HideSolutionNode = FALSE
	EndGlobalSection
	GlobalSection(ExtensibilityGlobals) = postSolution
		SolutionGuid = {102B6D75-4496-4FCB-874D-E38B7660CB6B}
	EndGlobalSection
EndGlobal
