
Microsoft Visual Studio Solution File, Format Version 12.00
# Visual Studio Version 17
VisualStudioVersion = 17.8.34316.72
MinimumVisualStudioVersion = 10.0.40219.1
Project("{FAE04EC0-301F-11D3-BF4B-00C04F79EFBC}") = "Practice_4", "Practice_4\Practice_4.csproj", "{312C33ED-6994-4CE5-BFFE-66120101D6A9}"
EndProject
Global
	GlobalSection(SolutionConfigurationPlatforms) = preSolution
		Debug|Any CPU = Debug|Any CPU
		Release|Any CPU = Release|Any CPU
	EndGlobalSection
	GlobalSection(ProjectConfigurationPlatforms) = postSolution
		{312C33ED-6994-4CE5-BFFE-66120101D6A9}.Debug|Any CPU.ActiveCfg = Debug|Any CPU
		{312C33ED-6994-4CE5-BFFE-66120101D6A9}.Debug|Any CPU.Build.0 = Debug|Any CPU
		{312C33ED-6994-4CE5-BFFE-66120101D6A9}.Release|Any CPU.ActiveCfg = Release|Any CPU
		{312C33ED-6994-4CE5-BFFE-66120101D6A9}.Release|Any CPU.Build.0 = Release|Any CPU
	EndGlobalSection
	GlobalSection(SolutionProperties) = preSolution
		HideSolutionNode = FALSE
	EndGlobalSection
	GlobalSection(ExtensibilityGlobals) = postSolution
		SolutionGuid = {924436FF-391A-4BC6-A41E-3FB4F8E04146}
	EndGlobalSection
EndGlobal
