
Microsoft Visual Studio Solution File, Format Version 12.00
# Visual Studio Version 17
VisualStudioVersion = 17.8.34309.116
MinimumVisualStudioVersion = 10.0.40219.1
Project("{FAE04EC0-301F-11D3-BF4B-00C04F79EFBC}") = "Practice_5", "Practice_5\Practice_5.csproj", "{8BA5C2E1-CD8D-48ED-A978-387402F9DF34}"
EndProject
Global
	GlobalSection(SolutionConfigurationPlatforms) = preSolution
		Debug|Any CPU = Debug|Any CPU
		Release|Any CPU = Release|Any CPU
	EndGlobalSection
	GlobalSection(ProjectConfigurationPlatforms) = postSolution
		{8BA5C2E1-CD8D-48ED-A978-387402F9DF34}.Debug|Any CPU.ActiveCfg = Debug|Any CPU
		{8BA5C2E1-CD8D-48ED-A978-387402F9DF34}.Debug|Any CPU.Build.0 = Debug|Any CPU
		{8BA5C2E1-CD8D-48ED-A978-387402F9DF34}.Release|Any CPU.ActiveCfg = Release|Any CPU
		{8BA5C2E1-CD8D-48ED-A978-387402F9DF34}.Release|Any CPU.Build.0 = Release|Any CPU
	EndGlobalSection
	GlobalSection(SolutionProperties) = preSolution
		HideSolutionNode = FALSE
	EndGlobalSection
	GlobalSection(ExtensibilityGlobals) = postSolution
		SolutionGuid = {D0E07893-E31B-4C1D-8F7D-C6D2CAD624FF}
	EndGlobalSection
EndGlobal
