
Microsoft Visual Studio Solution File, Format Version 12.00
# Visual Studio Version 17
VisualStudioVersion = 17.8.34330.188
MinimumVisualStudioVersion = 10.0.40219.1
Project("{FAE04EC0-301F-11D3-BF4B-00C04F79EFBC}") = "Data Structures Practices", "Data Structures Practices\Data Structures Practices.csproj", "{14DD8F8D-A7DF-482A-85D6-20D7C10C5145}"
EndProject
Global
	GlobalSection(SolutionConfigurationPlatforms) = preSolution
		Debug|Any CPU = Debug|Any CPU
		Release|Any CPU = Release|Any CPU
	EndGlobalSection
	GlobalSection(ProjectConfigurationPlatforms) = postSolution
		{14DD8F8D-A7DF-482A-85D6-20D7C10C5145}.Debug|Any CPU.ActiveCfg = Debug|Any CPU
		{14DD8F8D-A7DF-482A-85D6-20D7C10C5145}.Debug|Any CPU.Build.0 = Debug|Any CPU
		{14DD8F8D-A7DF-482A-85D6-20D7C10C5145}.Release|Any CPU.ActiveCfg = Release|Any CPU
		{14DD8F8D-A7DF-482A-85D6-20D7C10C5145}.Release|Any CPU.Build.0 = Release|Any CPU
	EndGlobalSection
	GlobalSection(SolutionProperties) = preSolution
		HideSolutionNode = FALSE
	EndGlobalSection
	GlobalSection(ExtensibilityGlobals) = postSolution
		SolutionGuid = {6FD9F0AC-0D83-4BCF-A6BF-133F50FB09EC}
	EndGlobalSection
EndGlobal
