
Microsoft Visual Studio Solution File, Format Version 12.00
# Visual Studio Version 17
VisualStudioVersion = 17.8.34316.72
MinimumVisualStudioVersion = 10.0.40219.1
Project("{FAE04EC0-301F-11D3-BF4B-00C04F79EFBC}") = "1 Task", "ConsoleApp1\1 Task.csproj", "{2E531981-2EB2-4844-9E24-62D678E6F9F4}"
EndProject
Global
	GlobalSection(SolutionConfigurationPlatforms) = preSolution
		Debug|Any CPU = Debug|Any CPU
		Release|Any CPU = Release|Any CPU
	EndGlobalSection
	GlobalSection(ProjectConfigurationPlatforms) = postSolution
		{2E531981-2EB2-4844-9E24-62D678E6F9F4}.Debug|Any CPU.ActiveCfg = Debug|Any CPU
		{2E531981-2EB2-4844-9E24-62D678E6F9F4}.Debug|Any CPU.Build.0 = Debug|Any CPU
		{2E531981-2EB2-4844-9E24-62D678E6F9F4}.Release|Any CPU.ActiveCfg = Release|Any CPU
		{2E531981-2EB2-4844-9E24-62D678E6F9F4}.Release|Any CPU.Build.0 = Release|Any CPU
	EndGlobalSection
	GlobalSection(SolutionProperties) = preSolution
		HideSolutionNode = FALSE
	EndGlobalSection
	GlobalSection(ExtensibilityGlobals) = postSolution
		SolutionGuid = {3D07CFDD-0707-43D4-9DD7-34E3672DB586}
	EndGlobalSection
EndGlobal
