
Microsoft Visual Studio Solution File, Format Version 12.00
# Visual Studio Version 17
VisualStudioVersion = 17.8.34525.116
MinimumVisualStudioVersion = 10.0.40219.1
Project("{FAE04EC0-301F-11D3-BF4B-00C04F79EFBC}") = "CompanyManagement.API", "CompanyManagement.API\CompanyManagement.API.csproj", "{8BECEA82-B4F9-4E00-8C26-963AE8F32F35}"
EndProject
Project("{2150E333-8FDC-42A3-9474-1A3956D46DE8}") = "src", "src", "{921F744F-E805-4334-B980-E766588CD5DB}"
EndProject
Project("{2150E333-8FDC-42A3-9474-1A3956D46DE8}") = "core", "core", "{746466C7-ADCB-4CFF-B5F0-C4577505A284}"
EndProject
Project("{2150E333-8FDC-42A3-9474-1A3956D46DE8}") = "presentation", "presentation", "{9409C128-3A8E-4F38-B784-BC90FEDB67BC}"
EndProject
Project("{FAE04EC0-301F-11D3-BF4B-00C04F79EFBC}") = "CompanyManagement.Application", "CompanyManagement.Application\CompanyManagement.Application.csproj", "{BA949B84-668B-474D-B738-3FEBB368F740}"
EndProject
Global
	GlobalSection(SolutionConfigurationPlatforms) = preSolution
		Debug|Any CPU = Debug|Any CPU
		Release|Any CPU = Release|Any CPU
	EndGlobalSection
	GlobalSection(ProjectConfigurationPlatforms) = postSolution
		{8BECEA82-B4F9-4E00-8C26-963AE8F32F35}.Debug|Any CPU.ActiveCfg = Debug|Any CPU
		{8BECEA82-B4F9-4E00-8C26-963AE8F32F35}.Debug|Any CPU.Build.0 = Debug|Any CPU
		{8BECEA82-B4F9-4E00-8C26-963AE8F32F35}.Release|Any CPU.ActiveCfg = Release|Any CPU
		{8BECEA82-B4F9-4E00-8C26-963AE8F32F35}.Release|Any CPU.Build.0 = Release|Any CPU
		{BA949B84-668B-474D-B738-3FEBB368F740}.Debug|Any CPU.ActiveCfg = Debug|Any CPU
		{BA949B84-668B-474D-B738-3FEBB368F740}.Debug|Any CPU.Build.0 = Debug|Any CPU
		{BA949B84-668B-474D-B738-3FEBB368F740}.Release|Any CPU.ActiveCfg = Release|Any CPU
		{BA949B84-668B-474D-B738-3FEBB368F740}.Release|Any CPU.Build.0 = Release|Any CPU
	EndGlobalSection
	GlobalSection(SolutionProperties) = preSolution
		HideSolutionNode = FALSE
	EndGlobalSection
	GlobalSection(NestedProjects) = preSolution
		{8BECEA82-B4F9-4E00-8C26-963AE8F32F35} = {9409C128-3A8E-4F38-B784-BC90FEDB67BC}
		{746466C7-ADCB-4CFF-B5F0-C4577505A284} = {921F744F-E805-4334-B980-E766588CD5DB}
		{9409C128-3A8E-4F38-B784-BC90FEDB67BC} = {921F744F-E805-4334-B980-E766588CD5DB}
		{BA949B84-668B-474D-B738-3FEBB368F740} = {746466C7-ADCB-4CFF-B5F0-C4577505A284}
	EndGlobalSection
	GlobalSection(ExtensibilityGlobals) = postSolution
		SolutionGuid = {F7CB9C7B-E976-4BDD-B469-67E0F6D944EC}
	EndGlobalSection
EndGlobal
